{
	"name": "p5.flex",
	"version": "0.1.0",
	"lockfileVersion": 3,
	"requires": true,
	"packages": {
		"": {
			"name": "p5.flex",
			"version": "0.1.0",
			"license": "MIT",
			"dependencies": {
				"p5": "^1.9.0"
			},
			"devDependencies": {
				"@types/p5": "^1.7.4"
			}
		},
		"node_modules/@types/p5": {
			"version": "1.7.4",
			"resolved": "https://registry.npmjs.org/@types/p5/-/p5-1.7.4.tgz",
			"integrity": "sha512-cMF3SvlBSzJV9m3enUYBx9UvJmQP9fxmPS17EDtYJVCQwwNMc/BRrDtHUHaxZH+BhuESNuUnfUKNVpJIjRT+Xw==",
			"dev": true
		},
		"node_modules/p5": {
			"version": "1.9.0",
			"resolved": "https://registry.npmjs.org/p5/-/p5-1.9.0.tgz",
			"integrity": "sha512-+5/hz0ZokCDf7BMMAeemE7FIo7gFZK7ImL62acHLXZwerGjqj+171bnaAWj4aCFCx6fwysAr2U7/AKuPyPhehA=="
		}
	}
}
